
Microsoft Visual Studio Solution File, Format Version 12.00
# Visual Studio Version 17
VisualStudioVersion = 17.4.33205.214
MinimumVisualStudioVersion = 10.0.40219.1
Project("{FAE04EC0-301F-11D3-BF4B-00C04F79EFBC}") = "DirectoryFileStreamReader", "DirectoryFileStreamReader\DirectoryFileStreamReader.csproj", "{C1811061-02A9-4BB7-950D-6FF1F577888F}"
EndProject
Global
	GlobalSection(SolutionConfigurationPlatforms) = preSolution
		Debug|Any CPU = Debug|Any CPU
		Release|Any CPU = Release|Any CPU
	EndGlobalSection
	GlobalSection(ProjectConfigurationPlatforms) = postSolution
		{C1811061-02A9-4BB7-950D-6FF1F577888F}.Debug|Any CPU.ActiveCfg = Debug|Any CPU
		{C1811061-02A9-4BB7-950D-6FF1F577888F}.Debug|Any CPU.Build.0 = Debug|Any CPU
		{C1811061-02A9-4BB7-950D-6FF1F577888F}.Release|Any CPU.ActiveCfg = Release|Any CPU
		{C1811061-02A9-4BB7-950D-6FF1F577888F}.Release|Any CPU.Build.0 = Release|Any CPU
	EndGlobalSection
	GlobalSection(SolutionProperties) = preSolution
		HideSolutionNode = FALSE
	EndGlobalSection
	GlobalSection(ExtensibilityGlobals) = postSolution
		SolutionGuid = {100F35F6-3D20-4E54-9203-94D7F84BAE76}
	EndGlobalSection
EndGlobal
